// !$*UTF8*$!
{
	archiveVersion = 1;
	classes = {
	};
	objectVersion = 55;
	objects = {

/* Begin PBXBuildFile section */
		55FEF5D32849EB8E00B57EAF /* AppDelegate.swift in Sources */ = {isa = PBXBuildFile; fileRef = 55FEF5D22849EB8E00B57EAF /* AppDelegate.swift */; };
		55FEF5D52849EB8E00B57EAF /* SceneDelegate.swift in Sources */ = {isa = PBXBuildFile; fileRef = 55FEF5D42849EB8E00B57EAF /* SceneDelegate.swift */; };
		55FEF5D72849EB8E00B57EAF /* ViewController.swift in Sources */ = {isa = PBXBuildFile; fileRef = 55FEF5D62849EB8E00B57EAF /* ViewController.swift */; };
		55FEF5DA2849EB8E00B57EAF /* Main.storyboard in Resources */ = {isa = PBXBuildFile; fileRef = 55FEF5D82849EB8E00B57EAF /* Main.storyboard */; };
		55FEF5DC2849EB8F00B57EAF /* Assets.xcassets in Resources */ = {isa = PBXBuildFile; fileRef = 55FEF5DB2849EB8F00B57EAF /* Assets.xcassets */; };
		55FEF5DF2849EB8F00B57EAF /* LaunchScreen.storyboard in Resources */ = {isa = PBXBuildFile; fileRef = 55FEF5DD2849EB8F00B57EAF /* LaunchScreen.storyboard */; };
		55FEF5EA2849EE8C00B57EAF /* Member.swift in Sources */ = {isa = PBXBuildFile; fileRef = 55FEF5E92849EE8C00B57EAF /* Member.swift */; };
		55FEF5EC2849F17700B57EAF /* MemberListManage.swift in Sources */ = {isa = PBXBuildFile; fileRef = 55FEF5EB2849F17700B57EAF /* MemberListManage.swift */; };
		55FEF5EE284A1FD200B57EAF /* MyTableViewCell.swift in Sources */ = {isa = PBXBuildFile; fileRef = 55FEF5ED284A1FD200B57EAF /* MyTableViewCell.swift */; };
/* End PBXBuildFile section */

/* Begin PBXFileReference section */
		55FEF5CF2849EB8E00B57EAF /* MemberList.app */ = {isa = PBXFileReference; explicitFileType = wrapper.application; includeInIndex = 0; path = MemberList.app; sourceTree = BUILT_PRODUCTS_DIR; };
		55FEF5D22849EB8E00B57EAF /* AppDelegate.swift */ = {isa = PBXFileReference; lastKnownFileType = sourcecode.swift; path = AppDelegate.swift; sourceTree = "<group>"; };
		55FEF5D42849EB8E00B57EAF /* SceneDelegate.swift */ = {isa = PBXFileReference; lastKnownFileType = sourcecode.swift; path = SceneDelegate.swift; sourceTree = "<group>"; };
		55FEF5D62849EB8E00B57EAF /* ViewController.swift */ = {isa = PBXFileReference; lastKnownFileType = sourcecode.swift; path = ViewController.swift; sourceTree = "<group>"; };
		55FEF5D92849EB8E00B57EAF /* Base */ = {isa = PBXFileReference; lastKnownFileType = file.storyboard; name = Base; path = Base.lproj/Main.storyboard; sourceTree = "<group>"; };
		55FEF5DB2849EB8F00B57EAF /* Assets.xcassets */ = {isa = PBXFileReference; lastKnownFileType = folder.assetcatalog; path = Assets.xcassets; sourceTree = "<group>"; };
		55FEF5DE2849EB8F00B57EAF /* Base */ = {isa = PBXFileReference; lastKnownFileType = file.storyboard; name = Base; path = Base.lproj/LaunchScreen.storyboard; sourceTree = "<group>"; };
		55FEF5E02849EB8F00B57EAF /* Info.plist */ = {isa = PBXFileReference; lastKnownFileType = text.plist.xml; path = Info.plist; sourceTree = "<group>"; };
		55FEF5E92849EE8C00B57EAF /* Member.swift */ = {isa = PBXFileReference; lastKnownFileType = sourcecode.swift; path = Member.swift; sourceTree = "<group>"; };
		55FEF5EB2849F17700B57EAF /* MemberListManage.swift */ = {isa = PBXFileReference; lastKnownFileType = sourcecode.swift; path = MemberListManage.swift; sourceTree = "<group>"; };
		55FEF5ED284A1FD200B57EAF /* MyTableViewCell.swift */ = {isa = PBXFileReference; lastKnownFileType = sourcecode.swift; path = MyTableViewCell.swift; sourceTree = "<group>"; };
/* End PBXFileReference section */

/* Begin PBXFrameworksBuildPhase section */
		55FEF5CC2849EB8E00B57EAF /* Frameworks */ = {
			isa = PBXFrameworksBuildPhase;
			buildActionMask = 2147483647;
			files = (
			);
			runOnlyForDeploymentPostprocessing = 0;
		};
/* End PBXFrameworksBuildPhase section */

/* Begin PBXGroup section */
		55FEF5C62849EB8E00B57EAF = {
			isa = PBXGroup;
			children = (
				55FEF5D12849EB8E00B57EAF /* MemberList */,
				55FEF5D02849EB8E00B57EAF /* Products */,
			);
			sourceTree = "<group>";
		};
		55FEF5D02849EB8E00B57EAF /* Products */ = {
			isa = PBXGroup;
			children = (
				55FEF5CF2849EB8E00B57EAF /* MemberList.app */,
			);
			name = Products;
			sourceTree = "<group>";
		};
		55FEF5D12849EB8E00B57EAF /* MemberList */ = {
			isa = PBXGroup;
			children = (
				55FEF5D22849EB8E00B57EAF /* AppDelegate.swift */,
				55FEF5D42849EB8E00B57EAF /* SceneDelegate.swift */,
				55FEF5E82849EE5100B57EAF /* Models */,
				55FEF5E72849EE4500B57EAF /* Views */,
				55FEF5E62849EE3700B57EAF /* Controllers */,
				55FEF5DB2849EB8F00B57EAF /* Assets.xcassets */,
				55FEF5DD2849EB8F00B57EAF /* LaunchScreen.storyboard */,
				55FEF5E02849EB8F00B57EAF /* Info.plist */,
			);
			path = MemberList;
			sourceTree = "<group>";
		};
		55FEF5E62849EE3700B57EAF /* Controllers */ = {
			isa = PBXGroup;
			children = (
				55FEF5D62849EB8E00B57EAF /* ViewController.swift */,
			);
			path = Controllers;
			sourceTree = "<group>";
		};
		55FEF5E72849EE4500B57EAF /* Views */ = {
			isa = PBXGroup;
			children = (
				55FEF5D82849EB8E00B57EAF /* Main.storyboard */,
				55FEF5ED284A1FD200B57EAF /* MyTableViewCell.swift */,
			);
			path = Views;
			sourceTree = "<group>";
		};
		55FEF5E82849EE5100B57EAF /* Models */ = {
			isa = PBXGroup;
			children = (
				55FEF5E92849EE8C00B57EAF /* Member.swift */,
				55FEF5EB2849F17700B57EAF /* MemberListManage.swift */,
			);
			path = Models;
			sourceTree = "<group>";
		};
/* End PBXGroup section */

/* Begin PBXNativeTarget section */
		55FEF5CE2849EB8E00B57EAF /* MemberList */ = {
			isa = PBXNativeTarget;
			buildConfigurationList = 55FEF5E32849EB8F00B57EAF /* Build configuration list for PBXNativeTarget "MemberList" */;
			buildPhases = (
				55FEF5CB2849EB8E00B57EAF /* Sources */,
				55FEF5CC2849EB8E00B57EAF /* Frameworks */,
				55FEF5CD2849EB8E00B57EAF /* Resources */,
			);
			buildRules = (
			);
			dependencies = (
			);
			name = MemberList;
			productName = MemberList;
			productReference = 55FEF5CF2849EB8E00B57EAF /* MemberList.app */;
			productType = "com.apple.product-type.application";
		};
/* End PBXNativeTarget section */

/* Begin PBXProject section */
		55FEF5C72849EB8E00B57EAF /* Project object */ = {
			isa = PBXProject;
			attributes = {
				BuildIndependentTargetsInParallel = 1;
				LastSwiftUpdateCheck = 1320;
				LastUpgradeCheck = 1320;
				TargetAttributes = {
					55FEF5CE2849EB8E00B57EAF = {
						CreatedOnToolsVersion = 13.2;
					};
				};
			};
			buildConfigurationList = 55FEF5CA2849EB8E00B57EAF /* Build configuration list for PBXProject "MemberList" */;
			compatibilityVersion = "Xcode 13.0";
			developmentRegion = en;
			hasScannedForEncodings = 0;
			knownRegions = (
				en,
				Base,
			);
			mainGroup = 55FEF5C62849EB8E00B57EAF;
			productRefGroup = 55FEF5D02849EB8E00B57EAF /* Products */;
			projectDirPath = "";
			projectRoot = "";
			targets = (
				55FEF5CE2849EB8E00B57EAF /* MemberList */,
			);
		};
/* End PBXProject section */

/* Begin PBXResourcesBuildPhase section */
		55FEF5CD2849EB8E00B57EAF /* Resources */ = {
			isa = PBXResourcesBuildPhase;
			buildActionMask = 2147483647;
			files = (
				55FEF5DF2849EB8F00B57EAF /* LaunchScreen.storyboard in Resources */,
				55FEF5DC2849EB8F00B57EAF /* Assets.xcassets in Resources */,
				55FEF5DA2849EB8E00B57EAF /* Main.storyboard in Resources */,
			);
			runOnlyForDeploymentPostprocessing = 0;
		};
/* End PBXResourcesBuildPhase section */

/* Begin PBXSourcesBuildPhase section */
		55FEF5CB2849EB8E00B57EAF /* Sources */ = {
			isa = PBXSourcesBuildPhase;
			buildActionMask = 2147483647;
			files = (
				55FEF5EC2849F17700B57EAF /* MemberListManage.swift in Sources */,
				55FEF5D72849EB8E00B57EAF /* ViewController.swift in Sources */,
				55FEF5D32849EB8E00B57EAF /* AppDelegate.swift in Sources */,
				55FEF5EE284A1FD200B57EAF /* MyTableViewCell.swift in Sources */,
				55FEF5D52849EB8E00B57EAF /* SceneDelegate.swift in Sources */,
				55FEF5EA2849EE8C00B57EAF /* Member.swift in Sources */,
			);
			runOnlyForDeploymentPostprocessing = 0;
		};
/* End PBXSourcesBuildPhase section */

/* Begin PBXVariantGroup section */
		55FEF5D82849EB8E00B57EAF /* Main.storyboard */ = {
			isa = PBXVariantGroup;
			children = (
				55FEF5D92849EB8E00B57EAF /* Base */,
			);
			name = Main.storyboard;
			sourceTree = "<group>";
		};
		55FEF5DD2849EB8F00B57EAF /* LaunchScreen.storyboard */ = {
			isa = PBXVariantGroup;
			children = (
				55FEF5DE2849EB8F00B57EAF /* Base */,
			);
			name = LaunchScreen.storyboard;
			sourceTree = "<group>";
		};
/* End PBXVariantGroup section */

/* Begin XCBuildConfiguration section */
		55FEF5E12849EB8F00B57EAF /* Debug */ = {
			isa = XCBuildConfiguration;
			buildSettings = {
				ALWAYS_SEARCH_USER_PATHS = NO;
				CLANG_ANALYZER_NONNULL = YES;
				CLANG_ANALYZER_NUMBER_OBJECT_CONVERSION = YES_AGGRESSIVE;
				CLANG_CXX_LANGUAGE_STANDARD = "gnu++17";
				CLANG_CXX_LIBRARY = "libc++";
				CLANG_ENABLE_MODULES = YES;
				CLANG_ENABLE_OBJC_ARC = YES;
				CLANG_ENABLE_OBJC_WEAK = YES;
				CLANG_WARN_BLOCK_CAPTURE_AUTORELEASING = YES;
				CLANG_WARN_BOOL_CONVERSION = YES;
				CLANG_WARN_COMMA = YES;
				CLANG_WARN_CONSTANT_CONVERSION = YES;
				CLANG_WARN_DEPRECATED_OBJC_IMPLEMENTATIONS = YES;
				CLANG_WARN_DIRECT_OBJC_ISA_USAGE = YES_ERROR;
				CLANG_WARN_DOCUMENTATION_COMMENTS = YES;
				CLANG_WARN_EMPTY_BODY = YES;
				CLANG_WARN_ENUM_CONVERSION = YES;
				CLANG_WARN_INFINITE_RECURSION = YES;
				CLANG_WARN_INT_CONVERSION = YES;
				CLANG_WARN_NON_LITERAL_NULL_CONVERSION = YES;
				CLANG_WARN_OBJC_IMPLICIT_RETAIN_SELF = YES;
				CLANG_WARN_OBJC_LITERAL_CONVERSION = YES;
				CLANG_WARN_OBJC_ROOT_CLASS = YES_ERROR;
				CLANG_WARN_QUOTED_INCLUDE_IN_FRAMEWORK_HEADER = YES;
				CLANG_WARN_RANGE_LOOP_ANALYSIS = YES;
				CLANG_WARN_STRICT_PROTOTYPES = YES;
				CLANG_WARN_SUSPICIOUS_MOVE = YES;
				CLANG_WARN_UNGUARDED_AVAILABILITY = YES_AGGRESSIVE;
				CLANG_WARN_UNREACHABLE_CODE = YES;
				CLANG_WARN__DUPLICATE_METHOD_MATCH = YES;
				COPY_PHASE_STRIP = NO;
				DEBUG_INFORMATION_FORMAT = dwarf;
				ENABLE_STRICT_OBJC_MSGSEND = YES;
				ENABLE_TESTABILITY = YES;
				GCC_C_LANGUAGE_STANDARD = gnu11;
				GCC_DYNAMIC_NO_PIC = NO;
				GCC_NO_COMMON_BLOCKS = YES;
				GCC_OPTIMIZATION_LEVEL = 0;
				GCC_PREPROCESSOR_DEFINITIONS = (
					"DEBUG=1",
					"$(inherited)",
				);
				GCC_WARN_64_TO_32_BIT_CONVERSION = YES;
				GCC_WARN_ABOUT_RETURN_TYPE = YES_ERROR;
				GCC_WARN_UNDECLARED_SELECTOR = YES;
				GCC_WARN_UNINITIALIZED_AUTOS = YES_AGGRESSIVE;
				GCC_WARN_UNUSED_FUNCTION = YES;
				GCC_WARN_UNUSED_VARIABLE = YES;
				IPHONEOS_DEPLOYMENT_TARGET = 15.2;
				MTL_ENABLE_DEBUG_INFO = INCLUDE_SOURCE;
				MTL_FAST_MATH = YES;
				ONLY_ACTIVE_ARCH = YES;
				SDKROOT = iphoneos;
				SWIFT_ACTIVE_COMPILATION_CONDITIONS = DEBUG;
				SWIFT_OPTIMIZATION_LEVEL = "-Onone";
			};
			name = Debug;
		};
		55FEF5E22849EB8F00B57EAF /* Release */ = {
			isa = XCBuildConfiguration;
			buildSettings = {
				ALWAYS_SEARCH_USER_PATHS = NO;
				CLANG_ANALYZER_NONNULL = YES;
				CLANG_ANALYZER_NUMBER_OBJECT_CONVERSION = YES_AGGRESSIVE;
				CLANG_CXX_LANGUAGE_STANDARD = "gnu++17";
				CLANG_CXX_LIBRARY = "libc++";
				CLANG_ENABLE_MODULES = YES;
				CLANG_ENABLE_OBJC_ARC = YES;
				CLANG_ENABLE_OBJC_WEAK = YES;
				CLANG_WARN_BLOCK_CAPTURE_AUTORELEASING = YES;
				CLANG_WARN_BOOL_CONVERSION = YES;
				CLANG_WARN_COMMA = YES;
				CLANG_WARN_CONSTANT_CONVERSION = YES;
				CLANG_WARN_DEPRECATED_OBJC_IMPLEMENTATIONS = YES;
				CLANG_WARN_DIRECT_OBJC_ISA_USAGE = YES_ERROR;
				CLANG_WARN_DOCUMENTATION_COMMENTS = YES;
				CLANG_WARN_EMPTY_BODY = YES;
				CLANG_WARN_ENUM_CONVERSION = YES;
				CLANG_WARN_INFINITE_RECURSION = YES;
				CLANG_WARN_INT_CONVERSION = YES;
				CLANG_WARN_NON_LITERAL_NULL_CONVERSION = YES;
				CLANG_WARN_OBJC_IMPLICIT_RETAIN_SELF = YES;
				CLANG_WARN_OBJC_LITERAL_CONVERSION = YES;
				CLANG_WARN_OBJC_ROOT_CLASS = YES_ERROR;
				CLANG_WARN_QUOTED_INCLUDE_IN_FRAMEWORK_HEADER = YES;
				CLANG_WARN_RANGE_LOOP_ANALYSIS = YES;
				CLANG_WARN_STRICT_PROTOTYPES = YES;
				CLANG_WARN_SUSPICIOUS_MOVE = YES;
				CLANG_WARN_UNGUARDED_AVAILABILITY = YES_AGGRESSIVE;
				CLANG_WARN_UNREACHABLE_CODE = YES;
				CLANG_WARN__DUPLICATE_METHOD_MATCH = YES;
				COPY_PHASE_STRIP = NO;
				DEBUG_INFORMATION_FORMAT = "dwarf-with-dsym";
				ENABLE_NS_ASSERTIONS = NO;
				ENABLE_STRICT_OBJC_MSGSEND = YES;
				GCC_C_LANGUAGE_STANDARD = gnu11;
				GCC_NO_COMMON_BLOCKS = YES;
				GCC_WARN_64_TO_32_BIT_CONVERSION = YES;
				GCC_WARN_ABOUT_RETURN_TYPE = YES_ERROR;
				GCC_WARN_UNDECLARED_SELECTOR = YES;
				GCC_WARN_UNINITIALIZED_AUTOS = YES_AGGRESSIVE;
				GCC_WARN_UNUSED_FUNCTION = YES;
				GCC_WARN_UNUSED_VARIABLE = YES;
				IPHONEOS_DEPLOYMENT_TARGET = 15.2;
				MTL_ENABLE_DEBUG_INFO = NO;
				MTL_FAST_MATH = YES;
				SDKROOT = iphoneos;
				SWIFT_COMPILATION_MODE = wholemodule;
				SWIFT_OPTIMIZATION_LEVEL = "-O";
				VALIDATE_PRODUCT = YES;
			};
			name = Release;
		};
		55FEF5E42849EB8F00B57EAF /* Debug */ = {
			isa = XCBuildConfiguration;
			buildSettings = {
				ASSETCATALOG_COMPILER_APPICON_NAME = AppIcon;
				ASSETCATALOG_COMPILER_GLOBAL_ACCENT_COLOR_NAME = AccentColor;
				CODE_SIGN_STYLE = Automatic;
				CURRENT_PROJECT_VERSION = 1;
				DEVELOPMENT_TEAM = XA889678KL;
				GENERATE_INFOPLIST_FILE = YES;
				INFOPLIST_FILE = MemberList/Info.plist;
				INFOPLIST_KEY_UIApplicationSupportsIndirectInputEvents = YES;
				INFOPLIST_KEY_UILaunchStoryboardName = LaunchScreen;
				INFOPLIST_KEY_UIMainStoryboardFile = Main;
				INFOPLIST_KEY_UISupportedInterfaceOrientations_iPad = "UIInterfaceOrientationPortrait UIInterfaceOrientationPortraitUpsideDown UIInterfaceOrientationLandscapeLeft UIInterfaceOrientationLandscapeRight";
				INFOPLIST_KEY_UISupportedInterfaceOrientations_iPhone = "UIInterfaceOrientationPortrait UIInterfaceOrientationLandscapeLeft UIInterfaceOrientationLandscapeRight";
				IPHONEOS_DEPLOYMENT_TARGET = 13.0;
				LD_RUNPATH_SEARCH_PATHS = (
					"$(inherited)",
					"@executable_path/Frameworks",
				);
				MARKETING_VERSION = 1.0;
				PRODUCT_BUNDLE_IDENTIFIER = com.YW.MemberList;
				PRODUCT_NAME = "$(TARGET_NAME)";
				SWIFT_EMIT_LOC_STRINGS = YES;
				SWIFT_VERSION = 5.0;
				TARGETED_DEVICE_FAMILY = 1;
			};
			name = Debug;
		};
		55FEF5E52849EB8F00B57EAF /* Release */ = {
			isa = XCBuildConfiguration;
			buildSettings = {
				ASSETCATALOG_COMPILER_APPICON_NAME = AppIcon;
				ASSETCATALOG_COMPILER_GLOBAL_ACCENT_COLOR_NAME = AccentColor;
				CODE_SIGN_STYLE = Automatic;
				CURRENT_PROJECT_VERSION = 1;
				DEVELOPMENT_TEAM = XA889678KL;
				GENERATE_INFOPLIST_FILE = YES;
				INFOPLIST_FILE = MemberList/Info.plist;
				INFOPLIST_KEY_UIApplicationSupportsIndirectInputEvents = YES;
				INFOPLIST_KEY_UILaunchStoryboardName = LaunchScreen;
				INFOPLIST_KEY_UIMainStoryboardFile = Main;
				INFOPLIST_KEY_UISupportedInterfaceOrientations_iPad = "UIInterfaceOrientationPortrait UIInterfaceOrientationPortraitUpsideDown UIInterfaceOrientationLandscapeLeft UIInterfaceOrientationLandscapeRight";
				INFOPLIST_KEY_UISupportedInterfaceOrientations_iPhone = "UIInterfaceOrientationPortrait UIInterfaceOrientationLandscapeLeft UIInterfaceOrientationLandscapeRight";
				IPHONEOS_DEPLOYMENT_TARGET = 13.0;
				LD_RUNPATH_SEARCH_PATHS = (
					"$(inherited)",
					"@executable_path/Frameworks",
				);
				MARKETING_VERSION = 1.0;
				PRODUCT_BUNDLE_IDENTIFIER = com.YW.MemberList;
				PRODUCT_NAME = "$(TARGET_NAME)";
				SWIFT_EMIT_LOC_STRINGS = YES;
				SWIFT_VERSION = 5.0;
				TARGETED_DEVICE_FAMILY = 1;
			};
			name = Release;
		};
/* End XCBuildConfiguration section */

/* Begin XCConfigurationList section */
		55FEF5CA2849EB8E00B57EAF /* Build configuration list for PBXProject "MemberList" */ = {
			isa = XCConfigurationList;
			buildConfigurations = (
				55FEF5E12849EB8F00B57EAF /* Debug */,
				55FEF5E22849EB8F00B57EAF /* Release */,
			);
			defaultConfigurationIsVisible = 0;
			defaultConfigurationName = Release;
		};
		55FEF5E32849EB8F00B57EAF /* Build configuration list for PBXNativeTarget "MemberList" */ = {
			isa = XCConfigurationList;
			buildConfigurations = (
				55FEF5E42849EB8F00B57EAF /* Debug */,
				55FEF5E52849EB8F00B57EAF /* Release */,
			);
			defaultConfigurationIsVisible = 0;
			defaultConfigurationName = Release;
		};
/* End XCConfigurationList section */
	};
	rootObject = 55FEF5C72849EB8E00B57EAF /* Project object */;
}
